
Microsoft Visual Studio Solution File, Format Version 12.00
# Visual Studio Version 17
VisualStudioVersion = 17.0.31903.59
MinimumVisualStudioVersion = 10.0.40219.1
Project("{2150E333-8FDC-42A3-9474-1A3956D46DE8}") = "01-Application", "01-Application", "{66F96A1C-47F1-48B2-AE5B-A58A8D16BDFF}"
EndProject
Project("{FAE04EC0-301F-11D3-BF4B-00C04F79EFBC}") = "SmartExpenseManagement.Api", "SmartExpenseManagement.Api\SmartExpenseManagement.Api.csproj", "{F081A21C-B80C-4740-83D1-FED546AF91B4}"
EndProject
Global
	GlobalSection(SolutionConfigurationPlatforms) = preSolution
		Debug|Any CPU = Debug|Any CPU
		Release|Any CPU = Release|Any CPU
	EndGlobalSection
	GlobalSection(SolutionProperties) = preSolution
		HideSolutionNode = FALSE
	EndGlobalSection
	GlobalSection(ProjectConfigurationPlatforms) = postSolution
		{F081A21C-B80C-4740-83D1-FED546AF91B4}.Debug|Any CPU.ActiveCfg = Debug|Any CPU
		{F081A21C-B80C-4740-83D1-FED546AF91B4}.Debug|Any CPU.Build.0 = Debug|Any CPU
		{F081A21C-B80C-4740-83D1-FED546AF91B4}.Release|Any CPU.ActiveCfg = Release|Any CPU
		{F081A21C-B80C-4740-83D1-FED546AF91B4}.Release|Any CPU.Build.0 = Release|Any CPU
	EndGlobalSection
	GlobalSection(NestedProjects) = preSolution
		{F081A21C-B80C-4740-83D1-FED546AF91B4} = {66F96A1C-47F1-48B2-AE5B-A58A8D16BDFF}
	EndGlobalSection
EndGlobal
